
Microsoft Visual Studio Solution File, Format Version 12.00
# Visual Studio 15
VisualStudioVersion = 15.0.27703.2047
MinimumVisualStudioVersion = 10.0.40219.1
Project("{FAE04EC0-301F-11D3-BF4B-00C04F79EFBC}") = "EatForHealth", "EatForHealth\EatForHealth.csproj", "{7ECB4797-7BF8-4704-BC4C-61D10B6BD008}"
EndProject
Global
	GlobalSection(SolutionConfigurationPlatforms) = preSolution
		Debug|Any CPU = Debug|Any CPU
		Release|Any CPU = Release|Any CPU
	EndGlobalSection
	GlobalSection(ProjectConfigurationPlatforms) = postSolution
		{7ECB4797-7BF8-4704-BC4C-61D10B6BD008}.Debug|Any CPU.ActiveCfg = Debug|Any CPU
		{7ECB4797-7BF8-4704-BC4C-61D10B6BD008}.Debug|Any CPU.Build.0 = Debug|Any CPU
		{7ECB4797-7BF8-4704-BC4C-61D10B6BD008}.Release|Any CPU.ActiveCfg = Release|Any CPU
		{7ECB4797-7BF8-4704-BC4C-61D10B6BD008}.Release|Any CPU.Build.0 = Release|Any CPU
	EndGlobalSection
	GlobalSection(SolutionProperties) = preSolution
		HideSolutionNode = FALSE
	EndGlobalSection
	GlobalSection(ExtensibilityGlobals) = postSolution
		SolutionGuid = {CDF1F20C-BB78-4DFD-BF4C-146FFD31F986}
	EndGlobalSection
EndGlobal
